
Microsoft Visual Studio Solution File, Format Version 12.00
# Visual Studio Version 16
VisualStudioVersion = 16.0.30413.136
MinimumVisualStudioVersion = 10.0.40219.1
Project("{00D1A9C2-B5F0-4AF3-8072-F6C62B433612}") = "DB_002", "DB_002\DB_002.sqlproj", "{DE636835-2158-4BBF-ADD1-4CA0E3597DA1}"
EndProject
Global
	GlobalSection(SolutionConfigurationPlatforms) = preSolution
		Debug|Any CPU = Debug|Any CPU
		Release|Any CPU = Release|Any CPU
	EndGlobalSection
	GlobalSection(ProjectConfigurationPlatforms) = postSolution
		{DE636835-2158-4BBF-ADD1-4CA0E3597DA1}.Debug|Any CPU.ActiveCfg = Debug|Any CPU
		{DE636835-2158-4BBF-ADD1-4CA0E3597DA1}.Debug|Any CPU.Build.0 = Debug|Any CPU
		{DE636835-2158-4BBF-ADD1-4CA0E3597DA1}.Debug|Any CPU.Deploy.0 = Debug|Any CPU
		{DE636835-2158-4BBF-ADD1-4CA0E3597DA1}.Release|Any CPU.ActiveCfg = Release|Any CPU
		{DE636835-2158-4BBF-ADD1-4CA0E3597DA1}.Release|Any CPU.Build.0 = Release|Any CPU
		{DE636835-2158-4BBF-ADD1-4CA0E3597DA1}.Release|Any CPU.Deploy.0 = Release|Any CPU
	EndGlobalSection
	GlobalSection(SolutionProperties) = preSolution
		HideSolutionNode = FALSE
	EndGlobalSection
	GlobalSection(ExtensibilityGlobals) = postSolution
		SolutionGuid = {16A694FB-6A70-476E-BC99-47A458706C7E}
	EndGlobalSection
EndGlobal
